
Microsoft Visual Studio Solution File, Format Version 12.00
# Visual Studio Version 17
VisualStudioVersion = 17.11.35222.181
MinimumVisualStudioVersion = 10.0.40219.1
Project("{FAE04EC0-301F-11D3-BF4B-00C04F79EFBC}") = "Week14OOP", "Week14OOP\Week14OOP.csproj", "{AB553E7F-78FF-447B-9AA5-9BD05D6E9937}"
EndProject
Global
	GlobalSection(SolutionConfigurationPlatforms) = preSolution
		Debug|Any CPU = Debug|Any CPU
		Release|Any CPU = Release|Any CPU
	EndGlobalSection
	GlobalSection(ProjectConfigurationPlatforms) = postSolution
		{AB553E7F-78FF-447B-9AA5-9BD05D6E9937}.Debug|Any CPU.ActiveCfg = Debug|Any CPU
		{AB553E7F-78FF-447B-9AA5-9BD05D6E9937}.Debug|Any CPU.Build.0 = Debug|Any CPU
		{AB553E7F-78FF-447B-9AA5-9BD05D6E9937}.Release|Any CPU.ActiveCfg = Release|Any CPU
		{AB553E7F-78FF-447B-9AA5-9BD05D6E9937}.Release|Any CPU.Build.0 = Release|Any CPU
	EndGlobalSection
	GlobalSection(SolutionProperties) = preSolution
		HideSolutionNode = FALSE
	EndGlobalSection
	GlobalSection(ExtensibilityGlobals) = postSolution
		SolutionGuid = {EEC45E95-9AF2-4AE4-AB80-2AD5BC1477A6}
	EndGlobalSection
EndGlobal
